// !$*UTF8*$!
{
	archiveVersion = 1;
	classes = {
	};
	objectVersion = 46;
	objects = {

/* Begin PBXBuildFile section */
		2D070C7B1DA2AEF8009912BD /* DetailViewController.swift in Sources */ = {isa = PBXBuildFile; fileRef = 2D070C7A1DA2AEF8009912BD /* DetailViewController.swift */; };
		2DEE78201DA2A27D00444A9F /* AppDelegate.swift in Sources */ = {isa = PBXBuildFile; fileRef = 2DEE781F1DA2A27D00444A9F /* AppDelegate.swift */; };
		2DEE78221DA2A27D00444A9F /* TableViewController.swift in Sources */ = {isa = PBXBuildFile; fileRef = 2DEE78211DA2A27D00444A9F /* TableViewController.swift */; };
		2DEE78251DA2A27D00444A9F /* Main.storyboard in Resources */ = {isa = PBXBuildFile; fileRef = 2DEE78231DA2A27D00444A9F /* Main.storyboard */; };
		2DEE78271DA2A27D00444A9F /* Assets.xcassets in Resources */ = {isa = PBXBuildFile; fileRef = 2DEE78261DA2A27D00444A9F /* Assets.xcassets */; };
		2DEE782A1DA2A27D00444A9F /* LaunchScreen.storyboard in Resources */ = {isa = PBXBuildFile; fileRef = 2DEE78281DA2A27D00444A9F /* LaunchScreen.storyboard */; };
/* End PBXBuildFile section */

/* Begin PBXFileReference section */
		2D070C7A1DA2AEF8009912BD /* DetailViewController.swift */ = {isa = PBXFileReference; fileEncoding = 4; lastKnownFileType = sourcecode.swift; name = DetailViewController.swift; path = ../DetailViewController.swift; sourceTree = "<group>"; };
		2DEE781C1DA2A27D00444A9F /* aboutMeV2.0.app */ = {isa = PBXFileReference; explicitFileType = wrapper.application; includeInIndex = 0; path = aboutMeV2.0.app; sourceTree = BUILT_PRODUCTS_DIR; };
		2DEE781F1DA2A27D00444A9F /* AppDelegate.swift */ = {isa = PBXFileReference; lastKnownFileType = sourcecode.swift; path = AppDelegate.swift; sourceTree = "<group>"; };
		2DEE78211DA2A27D00444A9F /* TableViewController.swift */ = {isa = PBXFileReference; lastKnownFileType = sourcecode.swift; path = TableViewController.swift; sourceTree = "<group>"; };
		2DEE78241DA2A27D00444A9F /* Base */ = {isa = PBXFileReference; lastKnownFileType = file.storyboard; name = Base; path = Base.lproj/Main.storyboard; sourceTree = "<group>"; };
		2DEE78261DA2A27D00444A9F /* Assets.xcassets */ = {isa = PBXFileReference; lastKnownFileType = folder.assetcatalog; path = Assets.xcassets; sourceTree = "<group>"; };
		2DEE78291DA2A27D00444A9F /* Base */ = {isa = PBXFileReference; lastKnownFileType = file.storyboard; name = Base; path = Base.lproj/LaunchScreen.storyboard; sourceTree = "<group>"; };
		2DEE782B1DA2A27D00444A9F /* Info.plist */ = {isa = PBXFileReference; lastKnownFileType = text.plist.xml; path = Info.plist; sourceTree = "<group>"; };
/* End PBXFileReference section */

/* Begin PBXFrameworksBuildPhase section */
		2DEE78191DA2A27D00444A9F /* Frameworks */ = {
			isa = PBXFrameworksBuildPhase;
			buildActionMask = 2147483647;
			files = (
			);
			runOnlyForDeploymentPostprocessing = 0;
		};
/* End PBXFrameworksBuildPhase section */

/* Begin PBXGroup section */
		2DEE78131DA2A27D00444A9F = {
			isa = PBXGroup;
			children = (
				2DEE781E1DA2A27D00444A9F /* aboutMeV2.0 */,
				2DEE781D1DA2A27D00444A9F /* Products */,
			);
			sourceTree = "<group>";
		};
		2DEE781D1DA2A27D00444A9F /* Products */ = {
			isa = PBXGroup;
			children = (
				2DEE781C1DA2A27D00444A9F /* aboutMeV2.0.app */,
			);
			name = Products;
			sourceTree = "<group>";
		};
		2DEE781E1DA2A27D00444A9F /* aboutMeV2.0 */ = {
			isa = PBXGroup;
			children = (
				2DEE781F1DA2A27D00444A9F /* AppDelegate.swift */,
				2DEE78211DA2A27D00444A9F /* TableViewController.swift */,
				2D070C7A1DA2AEF8009912BD /* DetailViewController.swift */,
				2DEE78231DA2A27D00444A9F /* Main.storyboard */,
				2DEE78261DA2A27D00444A9F /* Assets.xcassets */,
				2DEE78281DA2A27D00444A9F /* LaunchScreen.storyboard */,
				2DEE782B1DA2A27D00444A9F /* Info.plist */,
			);
			path = aboutMeV2.0;
			sourceTree = "<group>";
		};
/* End PBXGroup section */

/* Begin PBXNativeTarget section */
		2DEE781B1DA2A27D00444A9F /* aboutMeV2.0 */ = {
			isa = PBXNativeTarget;
			buildConfigurationList = 2DEE782E1DA2A27D00444A9F /* Build configuration list for PBXNativeTarget "aboutMeV2.0" */;
			buildPhases = (
				2DEE78181DA2A27D00444A9F /* Sources */,
				2DEE78191DA2A27D00444A9F /* Frameworks */,
				2DEE781A1DA2A27D00444A9F /* Resources */,
			);
			buildRules = (
			);
			dependencies = (
			);
			name = aboutMeV2.0;
			productName = aboutMeV2.0;
			productReference = 2DEE781C1DA2A27D00444A9F /* aboutMeV2.0.app */;
			productType = "com.apple.product-type.application";
		};
/* End PBXNativeTarget section */

/* Begin PBXProject section */
		2DEE78141DA2A27D00444A9F /* Project object */ = {
			isa = PBXProject;
			attributes = {
				LastSwiftUpdateCheck = 0720;
				LastUpgradeCheck = 0720;
				ORGANIZATIONNAME = "Robson, Dylan";
				TargetAttributes = {
					2DEE781B1DA2A27D00444A9F = {
						CreatedOnToolsVersion = 7.2;
					};
				};
			};
			buildConfigurationList = 2DEE78171DA2A27D00444A9F /* Build configuration list for PBXProject "aboutMeV2.0" */;
			compatibilityVersion = "Xcode 3.2";
			developmentRegion = English;
			hasScannedForEncodings = 0;
			knownRegions = (
				en,
				Base,
			);
			mainGroup = 2DEE78131DA2A27D00444A9F;
			productRefGroup = 2DEE781D1DA2A27D00444A9F /* Products */;
			projectDirPath = "";
			projectRoot = "";
			targets = (
				2DEE781B1DA2A27D00444A9F /* aboutMeV2.0 */,
			);
		};
/* End PBXProject section */

/* Begin PBXResourcesBuildPhase section */
		2DEE781A1DA2A27D00444A9F /* Resources */ = {
			isa = PBXResourcesBuildPhase;
			buildActionMask = 2147483647;
			files = (
				2DEE782A1DA2A27D00444A9F /* LaunchScreen.storyboard in Resources */,
				2DEE78271DA2A27D00444A9F /* Assets.xcassets in Resources */,
				2DEE78251DA2A27D00444A9F /* Main.storyboard in Resources */,
			);
			runOnlyForDeploymentPostprocessing = 0;
		};
/* End PBXResourcesBuildPhase section */

/* Begin PBXSourcesBuildPhase section */
		2DEE78181DA2A27D00444A9F /* Sources */ = {
			isa = PBXSourcesBuildPhase;
			buildActionMask = 2147483647;
			files = (
				2DEE78221DA2A27D00444A9F /* TableViewController.swift in Sources */,
				2DEE78201DA2A27D00444A9F /* AppDelegate.swift in Sources */,
				2D070C7B1DA2AEF8009912BD /* DetailViewController.swift in Sources */,
			);
			runOnlyForDeploymentPostprocessing = 0;
		};
/* End PBXSourcesBuildPhase section */

/* Begin PBXVariantGroup section */
		2DEE78231DA2A27D00444A9F /* Main.storyboard */ = {
			isa = PBXVariantGroup;
			children = (
				2DEE78241DA2A27D00444A9F /* Base */,
			);
			name = Main.storyboard;
			sourceTree = "<group>";
		};
		2DEE78281DA2A27D00444A9F /* LaunchScreen.storyboard */ = {
			isa = PBXVariantGroup;
			children = (
				2DEE78291DA2A27D00444A9F /* Base */,
			);
			name = LaunchScreen.storyboard;
			sourceTree = "<group>";
		};
/* End PBXVariantGroup section */

/* Begin XCBuildConfiguration section */
		2DEE782C1DA2A27D00444A9F /* Debug */ = {
			isa = XCBuildConfiguration;
			buildSettings = {
				ALWAYS_SEARCH_USER_PATHS = NO;
				CLANG_CXX_LANGUAGE_STANDARD = "gnu++0x";
				CLANG_CXX_LIBRARY = "libc++";
				CLANG_ENABLE_MODULES = YES;
				CLANG_ENABLE_OBJC_ARC = YES;
				CLANG_WARN_BOOL_CONVERSION = YES;
				CLANG_WARN_CONSTANT_CONVERSION = YES;
				CLANG_WARN_DIRECT_OBJC_ISA_USAGE = YES_ERROR;
				CLANG_WARN_EMPTY_BODY = YES;
				CLANG_WARN_ENUM_CONVERSION = YES;
				CLANG_WARN_INT_CONVERSION = YES;
				CLANG_WARN_OBJC_ROOT_CLASS = YES_ERROR;
				CLANG_WARN_UNREACHABLE_CODE = YES;
				CLANG_WARN__DUPLICATE_METHOD_MATCH = YES;
				"CODE_SIGN_IDENTITY[sdk=iphoneos*]" = "iPhone Developer";
				COPY_PHASE_STRIP = NO;
				DEBUG_INFORMATION_FORMAT = dwarf;
				ENABLE_STRICT_OBJC_MSGSEND = YES;
				ENABLE_TESTABILITY = YES;
				GCC_C_LANGUAGE_STANDARD = gnu99;
				GCC_DYNAMIC_NO_PIC = NO;
				GCC_NO_COMMON_BLOCKS = YES;
				GCC_OPTIMIZATION_LEVEL = 0;
				GCC_PREPROCESSOR_DEFINITIONS = (
					"DEBUG=1",
					"$(inherited)",
				);
				GCC_WARN_64_TO_32_BIT_CONVERSION = YES;
				GCC_WARN_ABOUT_RETURN_TYPE = YES_ERROR;
				GCC_WARN_UNDECLARED_SELECTOR = YES;
				GCC_WARN_UNINITIALIZED_AUTOS = YES_AGGRESSIVE;
				GCC_WARN_UNUSED_FUNCTION = YES;
				GCC_WARN_UNUSED_VARIABLE = YES;
				IPHONEOS_DEPLOYMENT_TARGET = 9.2;
				MTL_ENABLE_DEBUG_INFO = YES;
				ONLY_ACTIVE_ARCH = YES;
				SDKROOT = iphoneos;
				SWIFT_OPTIMIZATION_LEVEL = "-Onone";
				TARGETED_DEVICE_FAMILY = "1,2";
			};
			name = Debug;
		};
		2DEE782D1DA2A27D00444A9F /* Release */ = {
			isa = XCBuildConfiguration;
			buildSettings = {
				ALWAYS_SEARCH_USER_PATHS = NO;
				CLANG_CXX_LANGUAGE_STANDARD = "gnu++0x";
				CLANG_CXX_LIBRARY = "libc++";
				CLANG_ENABLE_MODULES = YES;
				CLANG_ENABLE_OBJC_ARC = YES;
				CLANG_WARN_BOOL_CONVERSION = YES;
				CLANG_WARN_CONSTANT_CONVERSION = YES;
				CLANG_WARN_DIRECT_OBJC_ISA_USAGE = YES_ERROR;
				CLANG_WARN_EMPTY_BODY = YES;
				CLANG_WARN_ENUM_CONVERSION = YES;
				CLANG_WARN_INT_CONVERSION = YES;
				CLANG_WARN_OBJC_ROOT_CLASS = YES_ERROR;
				CLANG_WARN_UNREACHABLE_CODE = YES;
				CLANG_WARN__DUPLICATE_METHOD_MATCH = YES;
				"CODE_SIGN_IDENTITY[sdk=iphoneos*]" = "iPhone Developer";
				COPY_PHASE_STRIP = NO;
				DEBUG_INFORMATION_FORMAT = "dwarf-with-dsym";
				ENABLE_NS_ASSERTIONS = NO;
				ENABLE_STRICT_OBJC_MSGSEND = YES;
				GCC_C_LANGUAGE_STANDARD = gnu99;
				GCC_NO_COMMON_BLOCKS = YES;
				GCC_WARN_64_TO_32_BIT_CONVERSION = YES;
				GCC_WARN_ABOUT_RETURN_TYPE = YES_ERROR;
				GCC_WARN_UNDECLARED_SELECTOR = YES;
				GCC_WARN_UNINITIALIZED_AUTOS = YES_AGGRESSIVE;
				GCC_WARN_UNUSED_FUNCTION = YES;
				GCC_WARN_UNUSED_VARIABLE = YES;
				IPHONEOS_DEPLOYMENT_TARGET = 9.2;
				MTL_ENABLE_DEBUG_INFO = NO;
				SDKROOT = iphoneos;
				TARGETED_DEVICE_FAMILY = "1,2";
				VALIDATE_PRODUCT = YES;
			};
			name = Release;
		};
		2DEE782F1DA2A27D00444A9F /* Debug */ = {
			isa = XCBuildConfiguration;
			buildSettings = {
				ASSETCATALOG_COMPILER_APPICON_NAME = AppIcon;
				INFOPLIST_FILE = aboutMeV2.0/Info.plist;
				LD_RUNPATH_SEARCH_PATHS = "$(inherited) @executable_path/Frameworks";
				PRODUCT_BUNDLE_IDENTIFIER = "com.drobson.test.aboutMeV2-0";
				PRODUCT_NAME = "$(TARGET_NAME)";
			};
			name = Debug;
		};
		2DEE78301DA2A27D00444A9F /* Release */ = {
			isa = XCBuildConfiguration;
			buildSettings = {
				ASSETCATALOG_COMPILER_APPICON_NAME = AppIcon;
				INFOPLIST_FILE = aboutMeV2.0/Info.plist;
				LD_RUNPATH_SEARCH_PATHS = "$(inherited) @executable_path/Frameworks";
				PRODUCT_BUNDLE_IDENTIFIER = "com.drobson.test.aboutMeV2-0";
				PRODUCT_NAME = "$(TARGET_NAME)";
			};
			name = Release;
		};
/* End XCBuildConfiguration section */

/* Begin XCConfigurationList section */
		2DEE78171DA2A27D00444A9F /* Build configuration list for PBXProject "aboutMeV2.0" */ = {
			isa = XCConfigurationList;
			buildConfigurations = (
				2DEE782C1DA2A27D00444A9F /* Debug */,
				2DEE782D1DA2A27D00444A9F /* Release */,
			);
			defaultConfigurationIsVisible = 0;
			defaultConfigurationName = Release;
		};
		2DEE782E1DA2A27D00444A9F /* Build configuration list for PBXNativeTarget "aboutMeV2.0" */ = {
			isa = XCConfigurationList;
			buildConfigurations = (
				2DEE782F1DA2A27D00444A9F /* Debug */,
				2DEE78301DA2A27D00444A9F /* Release */,
			);
			defaultConfigurationIsVisible = 0;
			defaultConfigurationName = Release;
		};
/* End XCConfigurationList section */
	};
	rootObject = 2DEE78141DA2A27D00444A9F /* Project object */;
}
